
Microsoft Visual Studio Solution File, Format Version 12.00
# Visual Studio Version 17
VisualStudioVersion = 17.8.34316.72
MinimumVisualStudioVersion = 10.0.40219.1
Project("{9A19103F-16F7-4668-BE54-9A1E7A4F7556}") = "Comm2Tender", "Comm2Tender\Comm2Tender.csproj", "{05242387-3C72-4F9A-BFF4-BC68CC086151}"
EndProject
Project("{00D1A9C2-B5F0-4AF3-8072-F6C62B433612}") = "Comm2TenderDataBase", "Comm2TenderDataBase\Comm2TenderDataBase.sqlproj", "{AC1CD9F7-1600-4FDD-ADC3-CAC67DE3377A}"
EndProject
Project("{2150E333-8FDC-42A3-9474-1A3956D46DE8}") = "Frontend", "Frontend", "{47E454A5-A640-4F7F-88A0-67F22F00DDC2}"
EndProject
Project("{9A19103F-16F7-4668-BE54-9A1E7A4F7556}") = "Comm2TenderTests", "Comm2TenderTests\Comm2TenderTests.csproj", "{63077EB4-EC57-41C8-918A-F634D17731E5}"
EndProject
Global
	GlobalSection(SolutionConfigurationPlatforms) = preSolution
		Debug|Any CPU = Debug|Any CPU
		Release|Any CPU = Release|Any CPU
	EndGlobalSection
	GlobalSection(ProjectConfigurationPlatforms) = postSolution
		{05242387-3C72-4F9A-BFF4-BC68CC086151}.Debug|Any CPU.ActiveCfg = Debug|Any CPU
		{05242387-3C72-4F9A-BFF4-BC68CC086151}.Debug|Any CPU.Build.0 = Debug|Any CPU
		{05242387-3C72-4F9A-BFF4-BC68CC086151}.Release|Any CPU.ActiveCfg = Release|Any CPU
		{05242387-3C72-4F9A-BFF4-BC68CC086151}.Release|Any CPU.Build.0 = Release|Any CPU
		{AC1CD9F7-1600-4FDD-ADC3-CAC67DE3377A}.Debug|Any CPU.ActiveCfg = Debug|Any CPU
		{AC1CD9F7-1600-4FDD-ADC3-CAC67DE3377A}.Debug|Any CPU.Build.0 = Debug|Any CPU
		{AC1CD9F7-1600-4FDD-ADC3-CAC67DE3377A}.Debug|Any CPU.Deploy.0 = Debug|Any CPU
		{AC1CD9F7-1600-4FDD-ADC3-CAC67DE3377A}.Release|Any CPU.ActiveCfg = Release|Any CPU
		{AC1CD9F7-1600-4FDD-ADC3-CAC67DE3377A}.Release|Any CPU.Build.0 = Release|Any CPU
		{AC1CD9F7-1600-4FDD-ADC3-CAC67DE3377A}.Release|Any CPU.Deploy.0 = Release|Any CPU
		{63077EB4-EC57-41C8-918A-F634D17731E5}.Debug|Any CPU.ActiveCfg = Debug|Any CPU
		{63077EB4-EC57-41C8-918A-F634D17731E5}.Debug|Any CPU.Build.0 = Debug|Any CPU
		{63077EB4-EC57-41C8-918A-F634D17731E5}.Release|Any CPU.ActiveCfg = Release|Any CPU
		{63077EB4-EC57-41C8-918A-F634D17731E5}.Release|Any CPU.Build.0 = Release|Any CPU
	EndGlobalSection
	GlobalSection(SolutionProperties) = preSolution
		HideSolutionNode = FALSE
	EndGlobalSection
	GlobalSection(ExtensibilityGlobals) = postSolution
		SolutionGuid = {3AE81127-6FB4-4235-841B-C8BE692F7A9D}
	EndGlobalSection
EndGlobal
